
Microsoft Visual Studio Solution File, Format Version 12.00
# Visual Studio Version 17
VisualStudioVersion = 17.10.35013.160
MinimumVisualStudioVersion = 10.0.40219.1
Project("{FAE04EC0-301F-11D3-BF4B-00C04F79EFBC}") = "View", "CSharpCourse\View.csproj", "{15065743-56E3-4965-AE70-759B89ED260F}"
EndProject
Project("{FAE04EC0-301F-11D3-BF4B-00C04F79EFBC}") = "Models", "Models\Models\Models.csproj", "{B56BEB71-422C-482E-98BC-412DB6AC1100}"
EndProject
Project("{FAE04EC0-301F-11D3-BF4B-00C04F79EFBC}") = "Controller", "Controller\Controller.csproj", "{B539D191-ACDE-4401-9C6E-7A9E30FBC8E4}"
EndProject
Project("{54435603-DBB4-11D2-8724-00A0C9A8B90C}") = "Setup", "Setup\Setup.vdproj", "{8F00792F-24D2-4D8E-81F8-A02C2777414F}"
EndProject
Global
	GlobalSection(SolutionConfigurationPlatforms) = preSolution
		Debug|Any CPU = Debug|Any CPU
		Release|Any CPU = Release|Any CPU
	EndGlobalSection
	GlobalSection(ProjectConfigurationPlatforms) = postSolution
		{15065743-56E3-4965-AE70-759B89ED260F}.Debug|Any CPU.ActiveCfg = Debug|Any CPU
		{15065743-56E3-4965-AE70-759B89ED260F}.Debug|Any CPU.Build.0 = Debug|Any CPU
		{15065743-56E3-4965-AE70-759B89ED260F}.Release|Any CPU.ActiveCfg = Release|Any CPU
		{15065743-56E3-4965-AE70-759B89ED260F}.Release|Any CPU.Build.0 = Release|Any CPU
		{B56BEB71-422C-482E-98BC-412DB6AC1100}.Debug|Any CPU.ActiveCfg = Debug|Any CPU
		{B56BEB71-422C-482E-98BC-412DB6AC1100}.Debug|Any CPU.Build.0 = Debug|Any CPU
		{B56BEB71-422C-482E-98BC-412DB6AC1100}.Release|Any CPU.ActiveCfg = Release|Any CPU
		{B56BEB71-422C-482E-98BC-412DB6AC1100}.Release|Any CPU.Build.0 = Release|Any CPU
		{B539D191-ACDE-4401-9C6E-7A9E30FBC8E4}.Debug|Any CPU.ActiveCfg = Debug|Any CPU
		{B539D191-ACDE-4401-9C6E-7A9E30FBC8E4}.Debug|Any CPU.Build.0 = Debug|Any CPU
		{B539D191-ACDE-4401-9C6E-7A9E30FBC8E4}.Release|Any CPU.ActiveCfg = Release|Any CPU
		{B539D191-ACDE-4401-9C6E-7A9E30FBC8E4}.Release|Any CPU.Build.0 = Release|Any CPU
		{8F00792F-24D2-4D8E-81F8-A02C2777414F}.Debug|Any CPU.ActiveCfg = Debug
		{8F00792F-24D2-4D8E-81F8-A02C2777414F}.Release|Any CPU.ActiveCfg = Release
	EndGlobalSection
	GlobalSection(SolutionProperties) = preSolution
		HideSolutionNode = FALSE
	EndGlobalSection
	GlobalSection(ExtensibilityGlobals) = postSolution
		SolutionGuid = {D40F0F83-468C-486B-AA11-E5F46009095A}
	EndGlobalSection
EndGlobal
